
Microsoft Visual Studio Solution File, Format Version 12.00
# Visual Studio Version 16
VisualStudioVersion = 16.0.32126.315
MinimumVisualStudioVersion = 10.0.40219.1
Project("{FAE04EC0-301F-11D3-BF4B-00C04F79EFBC}") = "PracticeRegionManager", "PracticeRegionManager\PracticeRegionManager.csproj", "{416F0F4A-2F31-4E02-8233-5D23C96C9627}"
EndProject
Global
	GlobalSection(SolutionConfigurationPlatforms) = preSolution
		Debug|Any CPU = Debug|Any CPU
		Release|Any CPU = Release|Any CPU
	EndGlobalSection
	GlobalSection(ProjectConfigurationPlatforms) = postSolution
		{416F0F4A-2F31-4E02-8233-5D23C96C9627}.Debug|Any CPU.ActiveCfg = Debug|Any CPU
		{416F0F4A-2F31-4E02-8233-5D23C96C9627}.Debug|Any CPU.Build.0 = Debug|Any CPU
		{416F0F4A-2F31-4E02-8233-5D23C96C9627}.Release|Any CPU.ActiveCfg = Release|Any CPU
		{416F0F4A-2F31-4E02-8233-5D23C96C9627}.Release|Any CPU.Build.0 = Release|Any CPU
	EndGlobalSection
	GlobalSection(SolutionProperties) = preSolution
		HideSolutionNode = FALSE
	EndGlobalSection
	GlobalSection(ExtensibilityGlobals) = postSolution
		SolutionGuid = {09B2C2D9-2A9A-4F61-A2E5-BB0623A259C4}
	EndGlobalSection
EndGlobal
